
Microsoft Visual Studio Solution File, Format Version 12.00
# Visual Studio Version 17
VisualStudioVersion = 17.9.34701.34
MinimumVisualStudioVersion = 10.0.40219.1
Project("{FAE04EC0-301F-11D3-BF4B-00C04F79EFBC}") = "WebApplicationPOE1", "WebApplicationPOE1.csproj", "{337FB5E3-0EE6-49AE-A44C-3EC107ECEDBD}"
EndProject
Global
	GlobalSection(SolutionConfigurationPlatforms) = preSolution
		Debug|Any CPU = Debug|Any CPU
		Release|Any CPU = Release|Any CPU
	EndGlobalSection
	GlobalSection(ProjectConfigurationPlatforms) = postSolution
		{337FB5E3-0EE6-49AE-A44C-3EC107ECEDBD}.Debug|Any CPU.ActiveCfg = Debug|Any CPU
		{337FB5E3-0EE6-49AE-A44C-3EC107ECEDBD}.Debug|Any CPU.Build.0 = Debug|Any CPU
		{337FB5E3-0EE6-49AE-A44C-3EC107ECEDBD}.Release|Any CPU.ActiveCfg = Release|Any CPU
		{337FB5E3-0EE6-49AE-A44C-3EC107ECEDBD}.Release|Any CPU.Build.0 = Release|Any CPU
	EndGlobalSection
	GlobalSection(SolutionProperties) = preSolution
		HideSolutionNode = FALSE
	EndGlobalSection
	GlobalSection(ExtensibilityGlobals) = postSolution
		SolutionGuid = {040FDD9F-25C8-4167-907A-01816A866EF1}
	EndGlobalSection
EndGlobal
